
Microsoft Visual Studio Solution File, Format Version 12.00
# Visual Studio Version 16
VisualStudioVersion = 16.0.30611.23
MinimumVisualStudioVersion = 10.0.40219.1
Project("{FAE04EC0-301F-11D3-BF4B-00C04F79EFBC}") = "Farmming", "Farmming\Farmming.csproj", "{1BF33402-92F3-491A-939A-9EB372879AD8}"
EndProject
Global
	GlobalSection(SolutionConfigurationPlatforms) = preSolution
		Debug|Any CPU = Debug|Any CPU
		Debug|x64 = Debug|x64
		Release|Any CPU = Release|Any CPU
		Release|x64 = Release|x64
	EndGlobalSection
	GlobalSection(ProjectConfigurationPlatforms) = postSolution
		{1BF33402-92F3-491A-939A-9EB372879AD8}.Debug|Any CPU.ActiveCfg = Debug|Any CPU
		{1BF33402-92F3-491A-939A-9EB372879AD8}.Debug|Any CPU.Build.0 = Debug|Any CPU
		{1BF33402-92F3-491A-939A-9EB372879AD8}.Debug|x64.ActiveCfg = Debug|Any CPU
		{1BF33402-92F3-491A-939A-9EB372879AD8}.Debug|x64.Build.0 = Debug|Any CPU
		{1BF33402-92F3-491A-939A-9EB372879AD8}.Release|Any CPU.ActiveCfg = Release|Any CPU
		{1BF33402-92F3-491A-939A-9EB372879AD8}.Release|Any CPU.Build.0 = Release|Any CPU
		{1BF33402-92F3-491A-939A-9EB372879AD8}.Release|x64.ActiveCfg = Release|Any CPU
		{1BF33402-92F3-491A-939A-9EB372879AD8}.Release|x64.Build.0 = Release|Any CPU
	EndGlobalSection
	GlobalSection(SolutionProperties) = preSolution
		HideSolutionNode = FALSE
	EndGlobalSection
	GlobalSection(ExtensibilityGlobals) = postSolution
		SolutionGuid = {BB340DF4-ED13-479B-824F-93D281E4E757}
	EndGlobalSection
EndGlobal
